
Microsoft Visual Studio Solution File, Format Version 12.00
# Visual Studio Version 16
VisualStudioVersion = 16.0.30621.155
MinimumVisualStudioVersion = 10.0.40219.1
Project("{FAE04EC0-301F-11D3-BF4B-00C04F79EFBC}") = "HtmlTask", "HtmlTask\HtmlTask.csproj", "{685145DC-4F60-468B-8261-B1DB3F0603A4}"
EndProject
Project("{FAE04EC0-301F-11D3-BF4B-00C04F79EFBC}") = "CssTableTask", "CssTable\CssTableTask.csproj", "{4807B8C1-E3FE-4F3F-9AFC-D84D17CBCCB4}"
EndProject
Project("{FAE04EC0-301F-11D3-BF4B-00C04F79EFBC}") = "CssTextTask", "CssText\CssTextTask.csproj", "{802021CC-8E57-40E8-9B95-E21D393790FA}"
EndProject
Project("{FAE04EC0-301F-11D3-BF4B-00C04F79EFBC}") = "CssFormTask", "CssForm\CssFormTask.csproj", "{1D0B72CF-A4DF-4292-B708-4C7D9CF87C72}"
EndProject
Project("{FAE04EC0-301F-11D3-BF4B-00C04F79EFBC}") = "GabrielTask", "GabrielTask\GabrielTask.csproj", "{39BF8549-EB23-49A6-9FCE-824D482CE40D}"
EndProject
Project("{FAE04EC0-301F-11D3-BF4B-00C04F79EFBC}") = "JavaScriptArrayTask", "JavaScriptArrayTask\JavaScriptArrayTask.csproj", "{043E5B68-6410-4595-9C6B-63F82ABB26D7}"
EndProject
Project("{FAE04EC0-301F-11D3-BF4B-00C04F79EFBC}") = "JavaScriptObjectsTask", "JavaScriptObjectsTask\JavaScriptObjectsTask.csproj", "{B34E921B-1CEC-4CE0-B5AE-6A9830AF711E}"
EndProject
Project("{FAE04EC0-301F-11D3-BF4B-00C04F79EFBC}") = "TemperatureConverterTask", "TemperatureConverterTask\TemperatureConverterTask.csproj", "{F81D41F3-3888-43E0-8B2B-08EAFD4148D6}"
EndProject
Project("{FAE04EC0-301F-11D3-BF4B-00C04F79EFBC}") = "ToDoListTask", "ToDoListTask\ToDoListTask.csproj", "{C04B6143-B11B-4DE3-8E4E-494B4010AFD0}"
EndProject
Project("{FAE04EC0-301F-11D3-BF4B-00C04F79EFBC}") = "TodoListJQueryTask", "TodoListJQueryTask\TodoListJQueryTask.csproj", "{35C42B40-D6E8-40AC-938E-E662404F6204}"
EndProject
Project("{FAE04EC0-301F-11D3-BF4B-00C04F79EFBC}") = "PhoneBookTask", "PhoneBookTask\PhoneBookTask.csproj", "{E1E67FCE-DB1A-4A9A-85E1-CF5DBF724F94}"
EndProject
Global
	GlobalSection(SolutionConfigurationPlatforms) = preSolution
		Debug|Any CPU = Debug|Any CPU
		Release|Any CPU = Release|Any CPU
	EndGlobalSection
	GlobalSection(ProjectConfigurationPlatforms) = postSolution
		{685145DC-4F60-468B-8261-B1DB3F0603A4}.Debug|Any CPU.ActiveCfg = Debug|Any CPU
		{685145DC-4F60-468B-8261-B1DB3F0603A4}.Debug|Any CPU.Build.0 = Debug|Any CPU
		{685145DC-4F60-468B-8261-B1DB3F0603A4}.Release|Any CPU.ActiveCfg = Release|Any CPU
		{685145DC-4F60-468B-8261-B1DB3F0603A4}.Release|Any CPU.Build.0 = Release|Any CPU
		{4807B8C1-E3FE-4F3F-9AFC-D84D17CBCCB4}.Debug|Any CPU.ActiveCfg = Debug|Any CPU
		{4807B8C1-E3FE-4F3F-9AFC-D84D17CBCCB4}.Debug|Any CPU.Build.0 = Debug|Any CPU
		{4807B8C1-E3FE-4F3F-9AFC-D84D17CBCCB4}.Release|Any CPU.ActiveCfg = Release|Any CPU
		{4807B8C1-E3FE-4F3F-9AFC-D84D17CBCCB4}.Release|Any CPU.Build.0 = Release|Any CPU
		{802021CC-8E57-40E8-9B95-E21D393790FA}.Debug|Any CPU.ActiveCfg = Debug|Any CPU
		{802021CC-8E57-40E8-9B95-E21D393790FA}.Debug|Any CPU.Build.0 = Debug|Any CPU
		{802021CC-8E57-40E8-9B95-E21D393790FA}.Release|Any CPU.ActiveCfg = Release|Any CPU
		{802021CC-8E57-40E8-9B95-E21D393790FA}.Release|Any CPU.Build.0 = Release|Any CPU
		{1D0B72CF-A4DF-4292-B708-4C7D9CF87C72}.Debug|Any CPU.ActiveCfg = Debug|Any CPU
		{1D0B72CF-A4DF-4292-B708-4C7D9CF87C72}.Debug|Any CPU.Build.0 = Debug|Any CPU
		{1D0B72CF-A4DF-4292-B708-4C7D9CF87C72}.Release|Any CPU.ActiveCfg = Release|Any CPU
		{1D0B72CF-A4DF-4292-B708-4C7D9CF87C72}.Release|Any CPU.Build.0 = Release|Any CPU
		{39BF8549-EB23-49A6-9FCE-824D482CE40D}.Debug|Any CPU.ActiveCfg = Debug|Any CPU
		{39BF8549-EB23-49A6-9FCE-824D482CE40D}.Debug|Any CPU.Build.0 = Debug|Any CPU
		{39BF8549-EB23-49A6-9FCE-824D482CE40D}.Release|Any CPU.ActiveCfg = Release|Any CPU
		{39BF8549-EB23-49A6-9FCE-824D482CE40D}.Release|Any CPU.Build.0 = Release|Any CPU
		{043E5B68-6410-4595-9C6B-63F82ABB26D7}.Debug|Any CPU.ActiveCfg = Debug|Any CPU
		{043E5B68-6410-4595-9C6B-63F82ABB26D7}.Debug|Any CPU.Build.0 = Debug|Any CPU
		{043E5B68-6410-4595-9C6B-63F82ABB26D7}.Release|Any CPU.ActiveCfg = Release|Any CPU
		{043E5B68-6410-4595-9C6B-63F82ABB26D7}.Release|Any CPU.Build.0 = Release|Any CPU
		{B34E921B-1CEC-4CE0-B5AE-6A9830AF711E}.Debug|Any CPU.ActiveCfg = Debug|Any CPU
		{B34E921B-1CEC-4CE0-B5AE-6A9830AF711E}.Debug|Any CPU.Build.0 = Debug|Any CPU
		{B34E921B-1CEC-4CE0-B5AE-6A9830AF711E}.Release|Any CPU.ActiveCfg = Release|Any CPU
		{B34E921B-1CEC-4CE0-B5AE-6A9830AF711E}.Release|Any CPU.Build.0 = Release|Any CPU
		{F81D41F3-3888-43E0-8B2B-08EAFD4148D6}.Debug|Any CPU.ActiveCfg = Debug|Any CPU
		{F81D41F3-3888-43E0-8B2B-08EAFD4148D6}.Debug|Any CPU.Build.0 = Debug|Any CPU
		{F81D41F3-3888-43E0-8B2B-08EAFD4148D6}.Release|Any CPU.ActiveCfg = Release|Any CPU
		{F81D41F3-3888-43E0-8B2B-08EAFD4148D6}.Release|Any CPU.Build.0 = Release|Any CPU
		{C04B6143-B11B-4DE3-8E4E-494B4010AFD0}.Debug|Any CPU.ActiveCfg = Debug|Any CPU
		{C04B6143-B11B-4DE3-8E4E-494B4010AFD0}.Debug|Any CPU.Build.0 = Debug|Any CPU
		{C04B6143-B11B-4DE3-8E4E-494B4010AFD0}.Release|Any CPU.ActiveCfg = Release|Any CPU
		{C04B6143-B11B-4DE3-8E4E-494B4010AFD0}.Release|Any CPU.Build.0 = Release|Any CPU
		{35C42B40-D6E8-40AC-938E-E662404F6204}.Debug|Any CPU.ActiveCfg = Debug|Any CPU
		{35C42B40-D6E8-40AC-938E-E662404F6204}.Debug|Any CPU.Build.0 = Debug|Any CPU
		{35C42B40-D6E8-40AC-938E-E662404F6204}.Release|Any CPU.ActiveCfg = Release|Any CPU
		{35C42B40-D6E8-40AC-938E-E662404F6204}.Release|Any CPU.Build.0 = Release|Any CPU
		{E1E67FCE-DB1A-4A9A-85E1-CF5DBF724F94}.Debug|Any CPU.ActiveCfg = Debug|Any CPU
		{E1E67FCE-DB1A-4A9A-85E1-CF5DBF724F94}.Debug|Any CPU.Build.0 = Debug|Any CPU
		{E1E67FCE-DB1A-4A9A-85E1-CF5DBF724F94}.Release|Any CPU.ActiveCfg = Release|Any CPU
		{E1E67FCE-DB1A-4A9A-85E1-CF5DBF724F94}.Release|Any CPU.Build.0 = Release|Any CPU
	EndGlobalSection
	GlobalSection(SolutionProperties) = preSolution
		HideSolutionNode = FALSE
	EndGlobalSection
	GlobalSection(ExtensibilityGlobals) = postSolution
		SolutionGuid = {17DAE682-FCCB-4D86-9AA2-A609699664E6}
	EndGlobalSection
EndGlobal
